
Microsoft Visual Studio Solution File, Format Version 12.00
# Visual Studio 2012
Project("{FAE04EC0-301F-11D3-BF4B-00C04F79EFBC}") = "Intranet.Web", "Intranet.Web\Intranet.Web.csproj", "{38D8F6F3-428B-4031-8873-BBBC7D6AD595}"
EndProject
Project("{FAE04EC0-301F-11D3-BF4B-00C04F79EFBC}") = "Intranet.Resources", "Intranet.Resources\Intranet.Resources.csproj", "{18DED356-7814-4888-862C-69BF6D387AC9}"
EndProject
Project("{FAE04EC0-301F-11D3-BF4B-00C04F79EFBC}") = "Intranet.Data", "Intranet.Data\Intranet.Data.csproj", "{EC78B687-929D-4136-92CB-B5CA6004DC1C}"
EndProject
Global
	GlobalSection(TeamFoundationVersionControl) = preSolution
		SccNumberOfProjects = 4
		SccEnterpriseProvider = {4CA58AB2-18FA-4F8D-95D4-32DDF27D184C}
		SccTeamFoundationServer = http://tm-srv081:8080/tfs/tmsaprojects
		SccLocalPath0 = .
		SccProjectUniqueName1 = Intranet.Data\\Intranet.Data.csproj
		SccProjectName1 = Intranet.Data
		SccLocalPath1 = Intranet.Data
		SccProjectUniqueName2 = Intranet.Resources\\Intranet.Resources.csproj
		SccProjectName2 = Intranet.Resources
		SccLocalPath2 = Intranet.Resources
		SccProjectUniqueName3 = Intranet.Web\\Intranet.Web.csproj
		SccProjectName3 = Intranet.Web
		SccLocalPath3 = Intranet.Web
	EndGlobalSection
	GlobalSection(SolutionConfigurationPlatforms) = preSolution
		Debug|Any CPU = Debug|Any CPU
		Release|Any CPU = Release|Any CPU
	EndGlobalSection
	GlobalSection(ProjectConfigurationPlatforms) = postSolution
		{38D8F6F3-428B-4031-8873-BBBC7D6AD595}.Debug|Any CPU.ActiveCfg = Debug|Any CPU
		{38D8F6F3-428B-4031-8873-BBBC7D6AD595}.Debug|Any CPU.Build.0 = Debug|Any CPU
		{38D8F6F3-428B-4031-8873-BBBC7D6AD595}.Release|Any CPU.ActiveCfg = Release|Any CPU
		{38D8F6F3-428B-4031-8873-BBBC7D6AD595}.Release|Any CPU.Build.0 = Release|Any CPU
		{18DED356-7814-4888-862C-69BF6D387AC9}.Debug|Any CPU.ActiveCfg = Debug|Any CPU
		{18DED356-7814-4888-862C-69BF6D387AC9}.Debug|Any CPU.Build.0 = Debug|Any CPU
		{18DED356-7814-4888-862C-69BF6D387AC9}.Release|Any CPU.ActiveCfg = Release|Any CPU
		{18DED356-7814-4888-862C-69BF6D387AC9}.Release|Any CPU.Build.0 = Release|Any CPU
		{EC78B687-929D-4136-92CB-B5CA6004DC1C}.Debug|Any CPU.ActiveCfg = Debug|Any CPU
		{EC78B687-929D-4136-92CB-B5CA6004DC1C}.Debug|Any CPU.Build.0 = Debug|Any CPU
		{EC78B687-929D-4136-92CB-B5CA6004DC1C}.Release|Any CPU.ActiveCfg = Release|Any CPU
		{EC78B687-929D-4136-92CB-B5CA6004DC1C}.Release|Any CPU.Build.0 = Release|Any CPU
	EndGlobalSection
	GlobalSection(SolutionProperties) = preSolution
		HideSolutionNode = FALSE
	EndGlobalSection
EndGlobal
